
Microsoft Visual Studio Solution File, Format Version 12.00
# Visual Studio Version 16
VisualStudioVersion = 16.0.30413.136
MinimumVisualStudioVersion = 10.0.40219.1
Project("{FAE04EC0-301F-11D3-BF4B-00C04F79EFBC}") = "CreateStruct_core", "CreateStruct_core\CreateStruct_core.csproj", "{2A6EEA2E-E648-484B-80A7-9545DD2FB66F}"
EndProject
Global
	GlobalSection(SolutionConfigurationPlatforms) = preSolution
		Debug|Any CPU = Debug|Any CPU
		Release|Any CPU = Release|Any CPU
	EndGlobalSection
	GlobalSection(ProjectConfigurationPlatforms) = postSolution
		{2A6EEA2E-E648-484B-80A7-9545DD2FB66F}.Debug|Any CPU.ActiveCfg = Debug|Any CPU
		{2A6EEA2E-E648-484B-80A7-9545DD2FB66F}.Debug|Any CPU.Build.0 = Debug|Any CPU
		{2A6EEA2E-E648-484B-80A7-9545DD2FB66F}.Release|Any CPU.ActiveCfg = Release|Any CPU
		{2A6EEA2E-E648-484B-80A7-9545DD2FB66F}.Release|Any CPU.Build.0 = Release|Any CPU
	EndGlobalSection
	GlobalSection(SolutionProperties) = preSolution
		HideSolutionNode = FALSE
	EndGlobalSection
	GlobalSection(ExtensibilityGlobals) = postSolution
		SolutionGuid = {16C98C94-00F6-4E8C-9661-FBB983F4D956}
	EndGlobalSection
EndGlobal
